PODS:
  - Masonry (0.6.4)
  - TTAnimations (1.3)
  - TTModalView (0.0.1):
    - TTAnimations

DEPENDENCIES:
  - Masonry
  - TTModalView (from `./`)

EXTERNAL SOURCES:
  TTModalView:
    :path: ./

SPEC CHECKSUMS:
  Masonry: 281802d04d787ea2973179ee8bcb50500579ede2
  TTAnimations: 42ab242ecd75b104b90c0ba5fa2b86d1a9c95361
  TTModalView: f1b9cfe5e57706c44e5ddab8b6d1bed991b9e496

COCOAPODS: 0.39.0
